// !$*UTF8*$!
{
	archiveVersion = 1;
	classes = {
	};
	objectVersion = 77;
	objects = {

/* Begin PBXBuildFile section */
		8077FD732F6C3EBC00E17331 /* Lottie in Frameworks */ = {isa = PBXBuildFile; productRef = 8077FD722F6C3EBC00E17331 /* Lottie */; };
		80CC95102F717E01003BF26F /* ReceiptParser in Frameworks */ = {isa = PBXBuildFile; productRef = 80CC950F2F717E01003BF26F /* ReceiptParser */; };
		80CC95122F717E01003BF26F /* RevenueCat in Frameworks */ = {isa = PBXBuildFile; productRef = 80CC95112F717E01003BF26F /* RevenueCat */; };
		80CC95142F717E01003BF26F /* RevenueCatUI in Frameworks */ = {isa = PBXBuildFile; productRef = 80CC95132F717E01003BF26F /* RevenueCatUI */; };
		80CC95162F717E01003BF26F /* RevenueCat_CustomEntitlementComputation in Frameworks */ = {isa = PBXBuildFile; productRef = 80CC95152F717E01003BF26F /* RevenueCat_CustomEntitlementComputation */; };
		80CC95222F719A18003BF26F /* SuperwallKit in Frameworks */ = {isa = PBXBuildFile; productRef = 80CC95212F719A18003BF26F /* SuperwallKit */; };
		80EECB4D2F5CCBE6008A8089 /* FirebaseAI in Frameworks */ = {isa = PBXBuildFile; productRef = 80EECB4C2F5CCBE6008A8089 /* FirebaseAI */; };
		80EECB4F2F5CCBE6008A8089 /* FirebaseAILogic in Frameworks */ = {isa = PBXBuildFile; productRef = 80EECB4E2F5CCBE6008A8089 /* FirebaseAILogic */; };
		80EECB512F5CCBE6008A8089 /* FirebaseAnalytics in Frameworks */ = {isa = PBXBuildFile; productRef = 80EECB502F5CCBE6008A8089 /* FirebaseAnalytics */; };
		80EECB532F5CCBE6008A8089 /* FirebaseAnalyticsCore in Frameworks */ = {isa = PBXBuildFile; productRef = 80EECB522F5CCBE6008A8089 /* FirebaseAnalyticsCore */; };
		80EECB552F5CCBE6008A8089 /* FirebaseAnalyticsIdentitySupport in Frameworks */ = {isa = PBXBuildFile; productRef = 80EECB542F5CCBE6008A8089 /* FirebaseAnalyticsIdentitySupport */; };
		80EECB5E2F5CCD80008A8089 /* FirebaseAuth in Frameworks */ = {isa = PBXBuildFile; productRef = 80EECB5D2F5CCD80008A8089 /* FirebaseAuth */; };
/* End PBXBuildFile section */

/* Begin PBXContainerItemProxy section */
		80EECADA2F5C3F59008A8089 /* PBXContainerItemProxy */ = {
			isa = PBXContainerItemProxy;
			containerPortal = 80EECAC42F5C3F59008A8089 /* Project object */;
			proxyType = 1;
			remoteGlobalIDString = 80EECACB2F5C3F59008A8089;
			remoteInfo = SnapWake;
		};
		80EECAE42F5C3F59008A8089 /* PBXContainerItemProxy */ = {
			isa = PBXContainerItemProxy;
			containerPortal = 80EECAC42F5C3F59008A8089 /* Project object */;
			proxyType = 1;
			remoteGlobalIDString = 80EECACB2F5C3F59008A8089;
			remoteInfo = SnapWake;
		};
/* End PBXContainerItemProxy section */

/* Begin PBXFileReference section */
		80EECACC2F5C3F59008A8089 /* SnapWake.app */ = {isa = PBXFileReference; explicitFileType = wrapper.application; includeInIndex = 0; path = SnapWake.app; sourceTree = BUILT_PRODUCTS_DIR; };
		80EECAD92F5C3F59008A8089 /* SnapWakeTests.xctest */ = {isa = PBXFileReference; explicitFileType = wrapper.cfbundle; includeInIndex = 0; path = SnapWakeTests.xctest; sourceTree = BUILT_PRODUCTS_DIR; };
		80EECAE32F5C3F59008A8089 /* SnapWakeUITests.xctest */ = {isa = PBXFileReference; explicitFileType = wrapper.cfbundle; includeInIndex = 0; path = SnapWakeUITests.xctest; sourceTree = BUILT_PRODUCTS_DIR; };
/* End PBXFileReference section */

/* Begin PBXFileSystemSynchronizedRootGroup section */
		80EECACE2F5C3F59008A8089 /* SnapWake */ = {
			isa = PBXFileSystemSynchronizedRootGroup;
			path = SnapWake;
			sourceTree = "<group>";
		};
		80EECADC2F5C3F59008A8089 /* SnapWakeTests */ = {
			isa = PBXFileSystemSynchronizedRootGroup;
			path = SnapWakeTests;
			sourceTree = "<group>";
		};
		80EECAE62F5C3F59008A8089 /* SnapWakeUITests */ = {
			isa = PBXFileSystemSynchronizedRootGroup;
			path = SnapWakeUITests;
			sourceTree = "<group>";
		};
/* End PBXFileSystemSynchronizedRootGroup section */

/* Begin PBXFrameworksBuildPhase section */
		80EECAC92F5C3F59008A8089 /* Frameworks */ = {
			isa = PBXFrameworksBuildPhase;
			buildActionMask = 2147483647;
			files = (
				80EECB4F2F5CCBE6008A8089 /* FirebaseAILogic in Frameworks */,
				8077FD732F6C3EBC00E17331 /* Lottie in Frameworks */,
				80EECB5E2F5CCD80008A8089 /* FirebaseAuth in Frameworks */,
				80EECB552F5CCBE6008A8089 /* FirebaseAnalyticsIdentitySupport in Frameworks */,
				80EECB4D2F5CCBE6008A8089 /* FirebaseAI in Frameworks */,
				80CC95122F717E01003BF26F /* RevenueCat in Frameworks */,
				80EECB512F5CCBE6008A8089 /* FirebaseAnalytics in Frameworks */,
				80CC95102F717E01003BF26F /* ReceiptParser in Frameworks */,
				80CC95142F717E01003BF26F /* RevenueCatUI in Frameworks */,
				80CC95162F717E01003BF26F /* RevenueCat_CustomEntitlementComputation in Frameworks */,
				80EECB532F5CCBE6008A8089 /* FirebaseAnalyticsCore in Frameworks */,
				80CC95222F719A18003BF26F /* SuperwallKit in Frameworks */,
			);
			runOnlyForDeploymentPostprocessing = 0;
		};
		80EECAD62F5C3F59008A8089 /* Frameworks */ = {
			isa = PBXFrameworksBuildPhase;
			buildActionMask = 2147483647;
			files = (
			);
			runOnlyForDeploymentPostprocessing = 0;
		};
		80EECAE02F5C3F59008A8089 /* Frameworks */ = {
			isa = PBXFrameworksBuildPhase;
			buildActionMask = 2147483647;
			files = (
			);
			runOnlyForDeploymentPostprocessing = 0;
		};
/* End PBXFrameworksBuildPhase section */

/* Begin PBXGroup section */
		80EECAC32F5C3F59008A8089 = {
			isa = PBXGroup;
			children = (
				80EECACE2F5C3F59008A8089 /* SnapWake */,
				80EECADC2F5C3F59008A8089 /* SnapWakeTests */,
				80EECAE62F5C3F59008A8089 /* SnapWakeUITests */,
				80EECB5C2F5CCD80008A8089 /* Frameworks */,
				80EECACD2F5C3F59008A8089 /* Products */,
			);
			sourceTree = "<group>";
		};
		80EECACD2F5C3F59008A8089 /* Products */ = {
			isa = PBXGroup;
			children = (
				80EECACC2F5C3F59008A8089 /* SnapWake.app */,
				80EECAD92F5C3F59008A8089 /* SnapWakeTests.xctest */,
				80EECAE32F5C3F59008A8089 /* SnapWakeUITests.xctest */,
			);
			name = Products;
			sourceTree = "<group>";
		};
		80EECB5C2F5CCD80008A8089 /* Frameworks */ = {
			isa = PBXGroup;
			children = (
			);
			name = Frameworks;
			sourceTree = "<group>";
		};
/* End PBXGroup section */

/* Begin PBXNativeTarget section */
		80EECACB2F5C3F59008A8089 /* SnapWake */ = {
			isa = PBXNativeTarget;
			buildConfigurationList = 80EECAED2F5C3F59008A8089 /* Build configuration list for PBXNativeTarget "SnapWake" */;
			buildPhases = (
				80EECAC82F5C3F59008A8089 /* Sources */,
				80EECAC92F5C3F59008A8089 /* Frameworks */,
				80EECACA2F5C3F59008A8089 /* Resources */,
			);
			buildRules = (
			);
			dependencies = (
			);
			fileSystemSynchronizedGroups = (
				80EECACE2F5C3F59008A8089 /* SnapWake */,
			);
			name = SnapWake;
			packageProductDependencies = (
				80EECB4C2F5CCBE6008A8089 /* FirebaseAI */,
				80EECB4E2F5CCBE6008A8089 /* FirebaseAILogic */,
				80EECB502F5CCBE6008A8089 /* FirebaseAnalytics */,
				80EECB522F5CCBE6008A8089 /* FirebaseAnalyticsCore */,
				80EECB542F5CCBE6008A8089 /* FirebaseAnalyticsIdentitySupport */,
				80EECB5D2F5CCD80008A8089 /* FirebaseAuth */,
				8077FD722F6C3EBC00E17331 /* Lottie */,
				80CC950F2F717E01003BF26F /* ReceiptParser */,
				80CC95112F717E01003BF26F /* RevenueCat */,
				80CC95132F717E01003BF26F /* RevenueCatUI */,
				80CC95152F717E01003BF26F /* RevenueCat_CustomEntitlementComputation */,
				80CC95212F719A18003BF26F /* SuperwallKit */,
			);
			productName = SnapWake;
			productReference = 80EECACC2F5C3F59008A8089 /* SnapWake.app */;
			productType = "com.apple.product-type.application";
		};
		80EECAD82F5C3F59008A8089 /* SnapWakeTests */ = {
			isa = PBXNativeTarget;
			buildConfigurationList = 80EECAF02F5C3F59008A8089 /* Build configuration list for PBXNativeTarget "SnapWakeTests" */;
			buildPhases = (
				80EECAD52F5C3F59008A8089 /* Sources */,
				80EECAD62F5C3F59008A8089 /* Frameworks */,
				80EECAD72F5C3F59008A8089 /* Resources */,
			);
			buildRules = (
			);
			dependencies = (
				80EECADB2F5C3F59008A8089 /* PBXTargetDependency */,
			);
			fileSystemSynchronizedGroups = (
				80EECADC2F5C3F59008A8089 /* SnapWakeTests */,
			);
			name = SnapWakeTests;
			packageProductDependencies = (
			);
			productName = SnapWakeTests;
			productReference = 80EECAD92F5C3F59008A8089 /* SnapWakeTests.xctest */;
			productType = "com.apple.product-type.bundle.unit-test";
		};
		80EECAE22F5C3F59008A8089 /* SnapWakeUITests */ = {
			isa = PBXNativeTarget;
			buildConfigurationList = 80EECAF32F5C3F59008A8089 /* Build configuration list for PBXNativeTarget "SnapWakeUITests" */;
			buildPhases = (
				80EECADF2F5C3F59008A8089 /* Sources */,
				80EECAE02F5C3F59008A8089 /* Frameworks */,
				80EECAE12F5C3F59008A8089 /* Resources */,
			);
			buildRules = (
			);
			dependencies = (
				80EECAE52F5C3F59008A8089 /* PBXTargetDependency */,
			);
			fileSystemSynchronizedGroups = (
				80EECAE62F5C3F59008A8089 /* SnapWakeUITests */,
			);
			name = SnapWakeUITests;
			packageProductDependencies = (
			);
			productName = SnapWakeUITests;
			productReference = 80EECAE32F5C3F59008A8089 /* SnapWakeUITests.xctest */;
			productType = "com.apple.product-type.bundle.ui-testing";
		};
/* End PBXNativeTarget section */

/* Begin PBXProject section */
		80EECAC42F5C3F59008A8089 /* Project object */ = {
			isa = PBXProject;
			attributes = {
				BuildIndependentTargetsInParallel = 1;
				LastSwiftUpdateCheck = 1640;
				LastUpgradeCheck = 1640;
				TargetAttributes = {
					80EECACB2F5C3F59008A8089 = {
						CreatedOnToolsVersion = 16.4;
					};
					80EECAD82F5C3F59008A8089 = {
						CreatedOnToolsVersion = 16.4;
						TestTargetID = 80EECACB2F5C3F59008A8089;
					};
					80EECAE22F5C3F59008A8089 = {
						CreatedOnToolsVersion = 16.4;
						TestTargetID = 80EECACB2F5C3F59008A8089;
					};
				};
			};
			buildConfigurationList = 80EECAC72F5C3F59008A8089 /* Build configuration list for PBXProject "SnapWake" */;
			developmentRegion = en;
			hasScannedForEncodings = 0;
			knownRegions = (
				en,
				Base,
			);
			mainGroup = 80EECAC32F5C3F59008A8089;
			minimizedProjectReferenceProxies = 1;
			packageReferences = (
				80EECB4B2F5CCBE6008A8089 /* XCRemoteSwiftPackageReference "firebase-ios-sdk" */,
				8077FD712F6C3EBC00E17331 /* XCRemoteSwiftPackageReference "lottie-ios" */,
				80CC950E2F717E01003BF26F /* XCRemoteSwiftPackageReference "purchases-ios-spm" */,
				80CC95202F719A18003BF26F /* XCRemoteSwiftPackageReference "Superwall-iOS" */,
			);
			preferredProjectObjectVersion = 77;
			productRefGroup = 80EECACD2F5C3F59008A8089 /* Products */;
			projectDirPath = "";
			projectRoot = "";
			targets = (
				80EECACB2F5C3F59008A8089 /* SnapWake */,
				80EECAD82F5C3F59008A8089 /* SnapWakeTests */,
				80EECAE22F5C3F59008A8089 /* SnapWakeUITests */,
			);
		};
/* End PBXProject section */

/* Begin PBXResourcesBuildPhase section */
		80EECACA2F5C3F59008A8089 /* Resources */ = {
			isa = PBXResourcesBuildPhase;
			buildActionMask = 2147483647;
			files = (
			);
			runOnlyForDeploymentPostprocessing = 0;
		};
		80EECAD72F5C3F59008A8089 /* Resources */ = {
			isa = PBXResourcesBuildPhase;
			buildActionMask = 2147483647;
			files = (
			);
			runOnlyForDeploymentPostprocessing = 0;
		};
		80EECAE12F5C3F59008A8089 /* Resources */ = {
			isa = PBXResourcesBuildPhase;
			buildActionMask = 2147483647;
			files = (
			);
			runOnlyForDeploymentPostprocessing = 0;
		};
/* End PBXResourcesBuildPhase section */

/* Begin PBXSourcesBuildPhase section */
		80EECAC82F5C3F59008A8089 /* Sources */ = {
			isa = PBXSourcesBuildPhase;
			buildActionMask = 2147483647;
			files = (
			);
			runOnlyForDeploymentPostprocessing = 0;
		};
		80EECAD52F5C3F59008A8089 /* Sources */ = {
			isa = PBXSourcesBuildPhase;
			buildActionMask = 2147483647;
			files = (
			);
			runOnlyForDeploymentPostprocessing = 0;
		};
		80EECADF2F5C3F59008A8089 /* Sources */ = {
			isa = PBXSourcesBuildPhase;
			buildActionMask = 2147483647;
			files = (
			);
			runOnlyForDeploymentPostprocessing = 0;
		};
/* End PBXSourcesBuildPhase section */

/* Begin PBXTargetDependency section */
		80EECADB2F5C3F59008A8089 /* PBXTargetDependency */ = {
			isa = PBXTargetDependency;
			target = 80EECACB2F5C3F59008A8089 /* SnapWake */;
			targetProxy = 80EECADA2F5C3F59008A8089 /* PBXContainerItemProxy */;
		};
		80EECAE52F5C3F59008A8089 /* PBXTargetDependency */ = {
			isa = PBXTargetDependency;
			target = 80EECACB2F5C3F59008A8089 /* SnapWake */;
			targetProxy = 80EECAE42F5C3F59008A8089 /* PBXContainerItemProxy */;
		};
/* End PBXTargetDependency section */

/* Begin XCBuildConfiguration section */
		80EECAEB2F5C3F59008A8089 /* Debug */ = {
			isa = XCBuildConfiguration;
			buildSettings = {
				ALWAYS_SEARCH_USER_PATHS = NO;
				ASSETCATALOG_COMPILER_GENERATE_SWIFT_ASSET_SYMBOL_EXTENSIONS = YES;
				CLANG_ANALYZER_NONNULL = YES;
				CLANG_ANALYZER_NUMBER_OBJECT_CONVERSION = YES_AGGRESSIVE;
				CLANG_CXX_LANGUAGE_STANDARD = "gnu++20";
				CLANG_ENABLE_MODULES = YES;
				CLANG_ENABLE_OBJC_ARC = YES;
				CLANG_ENABLE_OBJC_WEAK = YES;
				CLANG_WARN_BLOCK_CAPTURE_AUTORELEASING = YES;
				CLANG_WARN_BOOL_CONVERSION = YES;
				CLANG_WARN_COMMA = YES;
				CLANG_WARN_CONSTANT_CONVERSION = YES;
				CLANG_WARN_DEPRECATED_OBJC_IMPLEMENTATIONS = YES;
				CLANG_WARN_DIRECT_OBJC_ISA_USAGE = YES_ERROR;
				CLANG_WARN_DOCUMENTATION_COMMENTS = YES;
				CLANG_WARN_EMPTY_BODY = YES;
				CLANG_WARN_ENUM_CONVERSION = YES;
				CLANG_WARN_INFINITE_RECURSION = YES;
				CLANG_WARN_INT_CONVERSION = YES;
				CLANG_WARN_NON_LITERAL_NULL_CONVERSION = YES;
				CLANG_WARN_OBJC_IMPLICIT_RETAIN_SELF = YES;
				CLANG_WARN_OBJC_LITERAL_CONVERSION = YES;
				CLANG_WARN_OBJC_ROOT_CLASS = YES_ERROR;
				CLANG_WARN_QUOTED_INCLUDE_IN_FRAMEWORK_HEADER = YES;
				CLANG_WARN_RANGE_LOOP_ANALYSIS = YES;
				CLANG_WARN_STRICT_PROTOTYPES = YES;
				CLANG_WARN_SUSPICIOUS_MOVE = YES;
				CLANG_WARN_UNGUARDED_AVAILABILITY = YES_AGGRESSIVE;
				CLANG_WARN_UNREACHABLE_CODE = YES;
				CLANG_WARN__DUPLICATE_METHOD_MATCH = YES;
				COPY_PHASE_STRIP = NO;
				DEBUG_INFORMATION_FORMAT = dwarf;
				DEVELOPMENT_TEAM = RSC662VDU8;
				ENABLE_STRICT_OBJC_MSGSEND = YES;
				ENABLE_TESTABILITY = YES;
				ENABLE_USER_SCRIPT_SANDBOXING = YES;
				GCC_C_LANGUAGE_STANDARD = gnu17;
				GCC_DYNAMIC_NO_PIC = NO;
				GCC_NO_COMMON_BLOCKS = YES;
				GCC_OPTIMIZATION_LEVEL = 0;
				GCC_PREPROCESSOR_DEFINITIONS = (
					"DEBUG=1",
					"$(inherited)",
				);
				GCC_WARN_64_TO_32_BIT_CONVERSION = YES;
				GCC_WARN_ABOUT_RETURN_TYPE = YES_ERROR;
				GCC_WARN_UNDECLARED_SELECTOR = YES;
				GCC_WARN_UNINITIALIZED_AUTOS = YES_AGGRESSIVE;
				GCC_WARN_UNUSED_FUNCTION = YES;
				GCC_WARN_UNUSED_VARIABLE = YES;
				IPHONEOS_DEPLOYMENT_TARGET = 18.5;
				LOCALIZATION_PREFERS_STRING_CATALOGS = YES;
				MTL_ENABLE_DEBUG_INFO = INCLUDE_SOURCE;
				MTL_FAST_MATH = YES;
				ONLY_ACTIVE_ARCH = YES;
				SDKROOT = iphoneos;
				SWIFT_ACTIVE_COMPILATION_CONDITIONS = "DEBUG $(inherited)";
				SWIFT_OPTIMIZATION_LEVEL = "-Onone";
			};
			name = Debug;
		};
		80EECAEC2F5C3F59008A8089 /* Release */ = {
			isa = XCBuildConfiguration;
			buildSettings = {
				ALWAYS_SEARCH_USER_PATHS = NO;
				ASSETCATALOG_COMPILER_GENERATE_SWIFT_ASSET_SYMBOL_EXTENSIONS = YES;
				CLANG_ANALYZER_NONNULL = YES;
				CLANG_ANALYZER_NUMBER_OBJECT_CONVERSION = YES_AGGRESSIVE;
				CLANG_CXX_LANGUAGE_STANDARD = "gnu++20";
				CLANG_ENABLE_MODULES = YES;
				CLANG_ENABLE_OBJC_ARC = YES;
				CLANG_ENABLE_OBJC_WEAK = YES;
				CLANG_WARN_BLOCK_CAPTURE_AUTORELEASING = YES;
				CLANG_WARN_BOOL_CONVERSION = YES;
				CLANG_WARN_COMMA = YES;
				CLANG_WARN_CONSTANT_CONVERSION = YES;
				CLANG_WARN_DEPRECATED_OBJC_IMPLEMENTATIONS = YES;
				CLANG_WARN_DIRECT_OBJC_ISA_USAGE = YES_ERROR;
				CLANG_WARN_DOCUMENTATION_COMMENTS = YES;
				CLANG_WARN_EMPTY_BODY = YES;
				CLANG_WARN_ENUM_CONVERSION = YES;
				CLANG_WARN_INFINITE_RECURSION = YES;
				CLANG_WARN_INT_CONVERSION = YES;
				CLANG_WARN_NON_LITERAL_NULL_CONVERSION = YES;
				CLANG_WARN_OBJC_IMPLICIT_RETAIN_SELF = YES;
				CLANG_WARN_OBJC_LITERAL_CONVERSION = YES;
				CLANG_WARN_OBJC_ROOT_CLASS = YES_ERROR;
				CLANG_WARN_QUOTED_INCLUDE_IN_FRAMEWORK_HEADER = YES;
				CLANG_WARN_RANGE_LOOP_ANALYSIS = YES;
				CLANG_WARN_STRICT_PROTOTYPES = YES;
				CLANG_WARN_SUSPICIOUS_MOVE = YES;
				CLANG_WARN_UNGUARDED_AVAILABILITY = YES_AGGRESSIVE;
				CLANG_WARN_UNREACHABLE_CODE = YES;
				CLANG_WARN__DUPLICATE_METHOD_MATCH = YES;
				COPY_PHASE_STRIP = NO;
				DEBUG_INFORMATION_FORMAT = "dwarf-with-dsym";
				DEVELOPMENT_TEAM = RSC662VDU8;
				ENABLE_NS_ASSERTIONS = NO;
				ENABLE_STRICT_OBJC_MSGSEND = YES;
				ENABLE_USER_SCRIPT_SANDBOXING = YES;
				GCC_C_LANGUAGE_STANDARD = gnu17;
				GCC_NO_COMMON_BLOCKS = YES;
				GCC_WARN_64_TO_32_BIT_CONVERSION = YES;
				GCC_WARN_ABOUT_RETURN_TYPE = YES_ERROR;
				GCC_WARN_UNDECLARED_SELECTOR = YES;
				GCC_WARN_UNINITIALIZED_AUTOS = YES_AGGRESSIVE;
				GCC_WARN_UNUSED_FUNCTION = YES;
				GCC_WARN_UNUSED_VARIABLE = YES;
				IPHONEOS_DEPLOYMENT_TARGET = 18.5;
				LOCALIZATION_PREFERS_STRING_CATALOGS = YES;
				MTL_ENABLE_DEBUG_INFO = NO;
				MTL_FAST_MATH = YES;
				SDKROOT = iphoneos;
				SWIFT_COMPILATION_MODE = wholemodule;
				VALIDATE_PRODUCT = YES;
			};
			name = Release;
		};
		80EECAEE2F5C3F59008A8089 /* Debug */ = {
			isa = XCBuildConfiguration;
			buildSettings = {
				ASSETCATALOG_COMPILER_APPICON_NAME = AppIcon;
				ASSETCATALOG_COMPILER_GLOBAL_ACCENT_COLOR_NAME = AccentColor;
				CODE_SIGN_STYLE = Automatic;
				CURRENT_PROJECT_VERSION = 1;
				DEVELOPMENT_TEAM = RSC662VDU8;
				ENABLE_PREVIEWS = YES;
				GENERATE_INFOPLIST_FILE = YES;
				INFOPLIST_KEY_CFBundleIconName = AppIcon;
				INFOPLIST_KEY_NSCameraUsageDescription = "SnapWake needs access to your camera to verify mission completion (photo missions like Sky Photo, Make Bed, Object Hunt).";
				INFOPLIST_KEY_NSMicrophoneUsageDescription = "SnapWake needs microphone access to record your affirmations and Bible verses.";
				INFOPLIST_KEY_NSMotionUsageDescription = "SnapWake needs access to motion sensors to detect phone shaking for the Shake Phone mission.";
				INFOPLIST_KEY_NSSpeechRecognitionUsageDescription = "SnapWake uses speech recognition to verify you read your affirmations and Bible verses out loud.";
				INFOPLIST_KEY_UIApplicationSceneManifest_Generation = YES;
				INFOPLIST_KEY_UIApplicationSupportsIndirectInputEvents = YES;
				INFOPLIST_KEY_UIBackgroundModes = audio;
				INFOPLIST_KEY_UILaunchScreen_Generation = YES;
				INFOPLIST_KEY_UISupportedInterfaceOrientations_iPad = "UIInterfaceOrientationPortrait UIInterfaceOrientationPortraitUpsideDown UIInterfaceOrientationLandscapeLeft UIInterfaceOrientationLandscapeRight";
				INFOPLIST_KEY_UISupportedInterfaceOrientations_iPhone = "UIInterfaceOrientationPortrait UIInterfaceOrientationLandscapeLeft UIInterfaceOrientationLandscapeRight";
				LD_RUNPATH_SEARCH_PATHS = (
					"$(inherited)",
					"@executable_path/Frameworks",
				);
				MARKETING_VERSION = 1.0;
				PRODUCT_BUNDLE_IDENTIFIER = com.wrap.cocorise;
				PRODUCT_NAME = "$(TARGET_NAME)";
				SUPPORTED_PLATFORMS = "iphoneos iphonesimulator";
				SUPPORTS_MACCATALYST = NO;
				SUPPORTS_MAC_DESIGNED_FOR_IPHONE_IPAD = NO;
				SUPPORTS_XR_DESIGNED_FOR_IPHONE_IPAD = NO;
				SWIFT_EMIT_LOC_STRINGS = YES;
				SWIFT_VERSION = 5.0;
				TARGETED_DEVICE_FAMILY = 1;
			};
			name = Debug;
		};
		80EECAEF2F5C3F59008A8089 /* Release */ = {
			isa = XCBuildConfiguration;
			buildSettings = {
				ASSETCATALOG_COMPILER_APPICON_NAME = AppIcon;
				ASSETCATALOG_COMPILER_GLOBAL_ACCENT_COLOR_NAME = AccentColor;
				CODE_SIGN_STYLE = Automatic;
				CURRENT_PROJECT_VERSION = 1;
				DEVELOPMENT_TEAM = RSC662VDU8;
				ENABLE_PREVIEWS = YES;
				GENERATE_INFOPLIST_FILE = YES;
				INFOPLIST_KEY_CFBundleIconName = AppIcon;
				INFOPLIST_KEY_NSCameraUsageDescription = "SnapWake needs access to your camera to verify mission completion (photo missions like Sky Photo, Make Bed, Object Hunt).";
				INFOPLIST_KEY_NSMicrophoneUsageDescription = "SnapWake needs microphone access to record your affirmations and Bible verses.";
				INFOPLIST_KEY_NSMotionUsageDescription = "SnapWake needs access to motion sensors to detect phone shaking for the Shake Phone mission.";
				INFOPLIST_KEY_NSSpeechRecognitionUsageDescription = "SnapWake uses speech recognition to verify you read your affirmations and Bible verses out loud.";
				INFOPLIST_KEY_UIApplicationSceneManifest_Generation = YES;
				INFOPLIST_KEY_UIApplicationSupportsIndirectInputEvents = YES;
				INFOPLIST_KEY_UIBackgroundModes = audio;
				INFOPLIST_KEY_UILaunchScreen_Generation = YES;
				INFOPLIST_KEY_UISupportedInterfaceOrientations_iPad = "UIInterfaceOrientationPortrait UIInterfaceOrientationPortraitUpsideDown UIInterfaceOrientationLandscapeLeft UIInterfaceOrientationLandscapeRight";
				INFOPLIST_KEY_UISupportedInterfaceOrientations_iPhone = "UIInterfaceOrientationPortrait UIInterfaceOrientationLandscapeLeft UIInterfaceOrientationLandscapeRight";
				LD_RUNPATH_SEARCH_PATHS = (
					"$(inherited)",
					"@executable_path/Frameworks",
				);
				MARKETING_VERSION = 1.0;
				PRODUCT_BUNDLE_IDENTIFIER = com.wrap.cocorise;
				PRODUCT_NAME = "$(TARGET_NAME)";
				SUPPORTED_PLATFORMS = "iphoneos iphonesimulator";
				SUPPORTS_MACCATALYST = NO;
				SUPPORTS_MAC_DESIGNED_FOR_IPHONE_IPAD = NO;
				SUPPORTS_XR_DESIGNED_FOR_IPHONE_IPAD = NO;
				SWIFT_EMIT_LOC_STRINGS = YES;
				SWIFT_VERSION = 5.0;
				TARGETED_DEVICE_FAMILY = 1;
			};
			name = Release;
		};
		80EECAF12F5C3F59008A8089 /* Debug */ = {
			isa = XCBuildConfiguration;
			buildSettings = {
				BUNDLE_LOADER = "$(TEST_HOST)";
				CODE_SIGN_STYLE = Automatic;
				CURRENT_PROJECT_VERSION = 1;
				DEVELOPMENT_TEAM = RSC662VDU8;
				GENERATE_INFOPLIST_FILE = YES;
				IPHONEOS_DEPLOYMENT_TARGET = 18.5;
				MARKETING_VERSION = 1.0;
				PRODUCT_BUNDLE_IDENTIFIER = com.wrap.SnapWakeTests;
				PRODUCT_NAME = "$(TARGET_NAME)";
				SWIFT_EMIT_LOC_STRINGS = NO;
				SWIFT_VERSION = 5.0;
				TARGETED_DEVICE_FAMILY = "1,2";
				TEST_HOST = "$(BUILT_PRODUCTS_DIR)/SnapWake.app/$(BUNDLE_EXECUTABLE_FOLDER_PATH)/SnapWake";
			};
			name = Debug;
		};
		80EECAF22F5C3F59008A8089 /* Release */ = {
			isa = XCBuildConfiguration;
			buildSettings = {
				BUNDLE_LOADER = "$(TEST_HOST)";
				CODE_SIGN_STYLE = Automatic;
				CURRENT_PROJECT_VERSION = 1;
				DEVELOPMENT_TEAM = RSC662VDU8;
				GENERATE_INFOPLIST_FILE = YES;
				IPHONEOS_DEPLOYMENT_TARGET = 18.5;
				MARKETING_VERSION = 1.0;
				PRODUCT_BUNDLE_IDENTIFIER = com.wrap.SnapWakeTests;
				PRODUCT_NAME = "$(TARGET_NAME)";
				SWIFT_EMIT_LOC_STRINGS = NO;
				SWIFT_VERSION = 5.0;
				TARGETED_DEVICE_FAMILY = "1,2";
				TEST_HOST = "$(BUILT_PRODUCTS_DIR)/SnapWake.app/$(BUNDLE_EXECUTABLE_FOLDER_PATH)/SnapWake";
			};
			name = Release;
		};
		80EECAF42F5C3F59008A8089 /* Debug */ = {
			isa = XCBuildConfiguration;
			buildSettings = {
				CODE_SIGN_STYLE = Automatic;
				CURRENT_PROJECT_VERSION = 1;
				DEVELOPMENT_TEAM = RSC662VDU8;
				GENERATE_INFOPLIST_FILE = YES;
				MARKETING_VERSION = 1.0;
				PRODUCT_BUNDLE_IDENTIFIER = com.wrap.SnapWakeUITests;
				PRODUCT_NAME = "$(TARGET_NAME)";
				SWIFT_EMIT_LOC_STRINGS = NO;
				SWIFT_VERSION = 5.0;
				TARGETED_DEVICE_FAMILY = "1,2";
				TEST_TARGET_NAME = SnapWake;
			};
			name = Debug;
		};
		80EECAF52F5C3F59008A8089 /* Release */ = {
			isa = XCBuildConfiguration;
			buildSettings = {
				CODE_SIGN_STYLE = Automatic;
				CURRENT_PROJECT_VERSION = 1;
				DEVELOPMENT_TEAM = RSC662VDU8;
				GENERATE_INFOPLIST_FILE = YES;
				MARKETING_VERSION = 1.0;
				PRODUCT_BUNDLE_IDENTIFIER = com.wrap.SnapWakeUITests;
				PRODUCT_NAME = "$(TARGET_NAME)";
				SWIFT_EMIT_LOC_STRINGS = NO;
				SWIFT_VERSION = 5.0;
				TARGETED_DEVICE_FAMILY = "1,2";
				TEST_TARGET_NAME = SnapWake;
			};
			name = Release;
		};
/* End XCBuildConfiguration section */

/* Begin XCConfigurationList section */
		80EECAC72F5C3F59008A8089 /* Build configuration list for PBXProject "SnapWake" */ = {
			isa = XCConfigurationList;
			buildConfigurations = (
				80EECAEB2F5C3F59008A8089 /* Debug */,
				80EECAEC2F5C3F59008A8089 /* Release */,
			);
			defaultConfigurationIsVisible = 0;
			defaultConfigurationName = Release;
		};
		80EECAED2F5C3F59008A8089 /* Build configuration list for PBXNativeTarget "SnapWake" */ = {
			isa = XCConfigurationList;
			buildConfigurations = (
				80EECAEE2F5C3F59008A8089 /* Debug */,
				80EECAEF2F5C3F59008A8089 /* Release */,
			);
			defaultConfigurationIsVisible = 0;
			defaultConfigurationName = Release;
		};
		80EECAF02F5C3F59008A8089 /* Build configuration list for PBXNativeTarget "SnapWakeTests" */ = {
			isa = XCConfigurationList;
			buildConfigurations = (
				80EECAF12F5C3F59008A8089 /* Debug */,
				80EECAF22F5C3F59008A8089 /* Release */,
			);
			defaultConfigurationIsVisible = 0;
			defaultConfigurationName = Release;
		};
		80EECAF32F5C3F59008A8089 /* Build configuration list for PBXNativeTarget "SnapWakeUITests" */ = {
			isa = XCConfigurationList;
			buildConfigurations = (
				80EECAF42F5C3F59008A8089 /* Debug */,
				80EECAF52F5C3F59008A8089 /* Release */,
			);
			defaultConfigurationIsVisible = 0;
			defaultConfigurationName = Release;
		};
/* End XCConfigurationList section */

/* Begin XCRemoteSwiftPackageReference section */
		8077FD712F6C3EBC00E17331 /* XCRemoteSwiftPackageReference "lottie-ios" */ = {
			isa = XCRemoteSwiftPackageReference;
			repositoryURL = "https://github.com/airbnb/lottie-ios";
			requirement = {
				kind = upToNextMajorVersion;
				minimumVersion = 4.6.0;
			};
		};
		80CC950E2F717E01003BF26F /* XCRemoteSwiftPackageReference "purchases-ios-spm" */ = {
			isa = XCRemoteSwiftPackageReference;
			repositoryURL = "https://github.com/RevenueCat/purchases-ios-spm.git";
			requirement = {
				kind = upToNextMajorVersion;
				minimumVersion = 5.66.0;
			};
		};
		80CC95202F719A18003BF26F /* XCRemoteSwiftPackageReference "Superwall-iOS" */ = {
			isa = XCRemoteSwiftPackageReference;
			repositoryURL = "https://github.com/superwall/Superwall-iOS";
			requirement = {
				kind = upToNextMajorVersion;
				minimumVersion = 4.14.1;
			};
		};
		80EECB4B2F5CCBE6008A8089 /* XCRemoteSwiftPackageReference "firebase-ios-sdk" */ = {
			isa = XCRemoteSwiftPackageReference;
			repositoryURL = "https://github.com/firebase/firebase-ios-sdk";
			requirement = {
				kind = upToNextMajorVersion;
				minimumVersion = 12.10.0;
			};
		};
/* End XCRemoteSwiftPackageReference section */

/* Begin XCSwiftPackageProductDependency section */
		8077FD722F6C3EBC00E17331 /* Lottie */ = {
			isa = XCSwiftPackageProductDependency;
			package = 8077FD712F6C3EBC00E17331 /* XCRemoteSwiftPackageReference "lottie-ios" */;
			productName = Lottie;
		};
		80CC950F2F717E01003BF26F /* ReceiptParser */ = {
			isa = XCSwiftPackageProductDependency;
			package = 80CC950E2F717E01003BF26F /* XCRemoteSwiftPackageReference "purchases-ios-spm" */;
			productName = ReceiptParser;
		};
		80CC95112F717E01003BF26F /* RevenueCat */ = {
			isa = XCSwiftPackageProductDependency;
			package = 80CC950E2F717E01003BF26F /* XCRemoteSwiftPackageReference "purchases-ios-spm" */;
			productName = RevenueCat;
		};
		80CC95132F717E01003BF26F /* RevenueCatUI */ = {
			isa = XCSwiftPackageProductDependency;
			package = 80CC950E2F717E01003BF26F /* XCRemoteSwiftPackageReference "purchases-ios-spm" */;
			productName = RevenueCatUI;
		};
		80CC95152F717E01003BF26F /* RevenueCat_CustomEntitlementComputation */ = {
			isa = XCSwiftPackageProductDependency;
			package = 80CC950E2F717E01003BF26F /* XCRemoteSwiftPackageReference "purchases-ios-spm" */;
			productName = RevenueCat_CustomEntitlementComputation;
		};
		80CC95212F719A18003BF26F /* SuperwallKit */ = {
			isa = XCSwiftPackageProductDependency;
			package = 80CC95202F719A18003BF26F /* XCRemoteSwiftPackageReference "Superwall-iOS" */;
			productName = SuperwallKit;
		};
		80EECB4C2F5CCBE6008A8089 /* FirebaseAI */ = {
			isa = XCSwiftPackageProductDependency;
			package = 80EECB4B2F5CCBE6008A8089 /* XCRemoteSwiftPackageReference "firebase-ios-sdk" */;
			productName = FirebaseAI;
		};
		80EECB4E2F5CCBE6008A8089 /* FirebaseAILogic */ = {
			isa = XCSwiftPackageProductDependency;
			package = 80EECB4B2F5CCBE6008A8089 /* XCRemoteSwiftPackageReference "firebase-ios-sdk" */;
			productName = FirebaseAILogic;
		};
		80EECB502F5CCBE6008A8089 /* FirebaseAnalytics */ = {
			isa = XCSwiftPackageProductDependency;
			package = 80EECB4B2F5CCBE6008A8089 /* XCRemoteSwiftPackageReference "firebase-ios-sdk" */;
			productName = FirebaseAnalytics;
		};
		80EECB522F5CCBE6008A8089 /* FirebaseAnalyticsCore */ = {
			isa = XCSwiftPackageProductDependency;
			package = 80EECB4B2F5CCBE6008A8089 /* XCRemoteSwiftPackageReference "firebase-ios-sdk" */;
			productName = FirebaseAnalyticsCore;
		};
		80EECB542F5CCBE6008A8089 /* FirebaseAnalyticsIdentitySupport */ = {
			isa = XCSwiftPackageProductDependency;
			package = 80EECB4B2F5CCBE6008A8089 /* XCRemoteSwiftPackageReference "firebase-ios-sdk" */;
			productName = FirebaseAnalyticsIdentitySupport;
		};
		80EECB5D2F5CCD80008A8089 /* FirebaseAuth */ = {
			isa = XCSwiftPackageProductDependency;
			package = 80EECB4B2F5CCBE6008A8089 /* XCRemoteSwiftPackageReference "firebase-ios-sdk" */;
			productName = FirebaseAuth;
		};
/* End XCSwiftPackageProductDependency section */
	};
	rootObject = 80EECAC42F5C3F59008A8089 /* Project object */;
}
